<?xml version="1.0" encoding="utf-8"?>
<Project ToolsVersion="4.0" xmlns="http://schemas.microsoft.com/developer/msbuild/2003">
  <ItemGroup>
    <Filter Include="Source Files">
      <UniqueIdentifier>{4FC737F1-C7A5-4376-A066-2A32D752A2FF}</UniqueIdentifier>
      <Extensions>cpp;c;cc;cxx;c++;cppm;ixx;def;odl;idl;hpj;bat;asm;asmx</Extensions>
    </Filter>
    <Filter Include="Header Files">
      <UniqueIdentifier>{93995380-89BD-4b04-88EB-625FBE52EBFB}</UniqueIdentifier>
      <Extensions>h;hh;hpp;hxx;h++;hm;inl;inc;ipp;xsd</Extensions>
    </Filter>
    <Filter Include="Resource Files">
      <UniqueIdentifier>{67DA6AB6-F800-4c08-8B7A-83BB121AAD01}</UniqueIdentifier>
      <Extensions>rc;ico;cur;bmp;dlg;rc2;rct;bin;rgs;gif;jpg;jpeg;jpe;resx;tiff;tif;png;wav;mfcribbon-ms</Extensions>
    </Filter>
    <Filter Include="Source Files\shaders">
      <UniqueIdentifier>{03c5a0c3-e50a-462d-9377-c9d60b0d68ae}</UniqueIdentifier>
    </Filter>
    <Filter Include="Source Files\libs">
      <UniqueIdentifier>{00da487c-807b-454a-902e-b798ca608825}</UniqueIdentifier>
    </Filter>
    <Filter Include="Source Files\glAbstraction">
      <UniqueIdentifier>{26a16776-c444-486b-aac8-37d7822ae406}</UniqueIdentifier>
    </Filter>
  </ItemGroup>
  <ItemGroup>
    <None Include="shaders\PixelShader.glsl">
      <Filter>Source Files\shaders</Filter>
    </None>
    <None Include="shaders\VertexShader.glsl">
      <Filter>Source Files\shaders</Filter>
    </None>
  </ItemGroup>
  <ItemGroup>
    <ClCompile Include="libs\glad.c">
      <Filter>Source Files\libs</Filter>
    </ClCompile>
    <ClCompile Include="libs\stb_image.cpp">
      <Filter>Source Files\libs</Filter>
    </ClCompile>
    <ClCompile Include="src\Game.cpp">
      <Filter>Source Files</Filter>
    </ClCompile>
    <ClCompile Include="src\main.cpp">
      <Filter>Source Files</Filter>
    </ClCompile>
    <ClCompile Include="src\level\Chunk.cpp">
      <Filter>Source Files</Filter>
    </ClCompile>
    <ClCompile Include="src\level\TerrainGenerator.cpp">
      <Filter>Source Files</Filter>
    </ClCompile>
    <ClCompile Include="src\level\World.cpp">
      <Filter>Source Files</Filter>
    </ClCompile>
    <ClCompile Include="src\structures\ShaderPipeline.cpp">
      <Filter>Source Files\glAbstraction</Filter>
    </ClCompile>
    <ClCompile Include="src\structures\Shader.cpp">
      <Filter>Source Files\glAbstraction</Filter>
    </ClCompile>
    <ClCompile Include="src\Camera.cpp">
      <Filter>Source Files</Filter>
    </ClCompile>
    <ClCompile Include="src\structures\Attribute.cpp">
      <Filter>Source Files\glAbstraction</Filter>
    </ClCompile>
  </ItemGroup>
  <ItemGroup>
    <ClInclude Include="libs\PerlinNoise.h">
      <Filter>Source Files\libs</Filter>
    </ClInclude>
    <ClInclude Include="libs\stb_image.h">
      <Filter>Source Files\libs</Filter>
    </ClInclude>
    <ClInclude Include="src\Game.h">
      <Filter>Header Files</Filter>
    </ClInclude>
    <ClInclude Include="src\level\Chunk.h">
      <Filter>Header Files</Filter>
    </ClInclude>
    <ClInclude Include="src\level\TerrainGenerator.h">
      <Filter>Header Files</Filter>
    </ClInclude>
    <ClInclude Include="src\level\World.h">
      <Filter>Header Files</Filter>
    </ClInclude>
    <ClInclude Include="src\structures\Shader.h">
      <Filter>Header Files</Filter>
    </ClInclude>
    <ClInclude Include="src\structures\ShaderPipeline.h">
      <Filter>Header Files</Filter>
    </ClInclude>
    <ClInclude Include="src\Camera.h">
      <Filter>Header Files</Filter>
    </ClInclude>
    <ClInclude Include="src\VertexData.h">
      <Filter>Header Files</Filter>
    </ClInclude>
    <ClInclude Include="src\structures\Attribute.h">
      <Filter>Header Files</Filter>
    </ClInclude>
  </ItemGroup>
</Project>